
Microsoft Visual Studio Solution File, Format Version 12.00
# Visual Studio Version 17
VisualStudioVersion = 17.7.34202.233
MinimumVisualStudioVersion = 10.0.40219.1
Project("{FAE04EC0-301F-11D3-BF4B-00C04F79EFBC}") = "ejemploCrud", "ejemploCrud\ejemploCrud.csproj", "{49B92A86-AEB1-454E-94EF-48A22B01763B}"
EndProject
Global
	GlobalSection(SolutionConfigurationPlatforms) = preSolution
		Debug|Any CPU = Debug|Any CPU
		Release|Any CPU = Release|Any CPU
	EndGlobalSection
	GlobalSection(ProjectConfigurationPlatforms) = postSolution
		{49B92A86-AEB1-454E-94EF-48A22B01763B}.Debug|Any CPU.ActiveCfg = Debug|Any CPU
		{49B92A86-AEB1-454E-94EF-48A22B01763B}.Debug|Any CPU.Build.0 = Debug|Any CPU
		{49B92A86-AEB1-454E-94EF-48A22B01763B}.Release|Any CPU.ActiveCfg = Release|Any CPU
		{49B92A86-AEB1-454E-94EF-48A22B01763B}.Release|Any CPU.Build.0 = Release|Any CPU
	EndGlobalSection
	GlobalSection(SolutionProperties) = preSolution
		HideSolutionNode = FALSE
	EndGlobalSection
	GlobalSection(ExtensibilityGlobals) = postSolution
		SolutionGuid = {A89173B5-C482-4E1C-A6BF-9F0B2AB3407B}
	EndGlobalSection
EndGlobal
